
Microsoft Visual Studio Solution File, Format Version 12.00
# Visual Studio Version 17
VisualStudioVersion = 17.3.32825.248
MinimumVisualStudioVersion = 10.0.40219.1
Project("{FAE04EC0-301F-11D3-BF4B-00C04F79EFBC}") = "Кудрявцева", "Кудрявцева\Кудрявцева.csproj", "{FC7C2AA0-261F-476C-A81E-6942EEAC2347}"
EndProject
Global
	GlobalSection(SolutionConfigurationPlatforms) = preSolution
		Debug|Any CPU = Debug|Any CPU
		Release|Any CPU = Release|Any CPU
	EndGlobalSection
	GlobalSection(ProjectConfigurationPlatforms) = postSolution
		{FC7C2AA0-261F-476C-A81E-6942EEAC2347}.Debug|Any CPU.ActiveCfg = Debug|Any CPU
		{FC7C2AA0-261F-476C-A81E-6942EEAC2347}.Debug|Any CPU.Build.0 = Debug|Any CPU
		{FC7C2AA0-261F-476C-A81E-6942EEAC2347}.Release|Any CPU.ActiveCfg = Release|Any CPU
		{FC7C2AA0-261F-476C-A81E-6942EEAC2347}.Release|Any CPU.Build.0 = Release|Any CPU
	EndGlobalSection
	GlobalSection(SolutionProperties) = preSolution
		HideSolutionNode = FALSE
	EndGlobalSection
	GlobalSection(ExtensibilityGlobals) = postSolution
		SolutionGuid = {44447230-1773-407B-AA63-272305818393}
	EndGlobalSection
EndGlobal
